Microsoft Visual Studio Solution File, Format Version 12.00
# Blend for Visual Studio Version 17
 VisualStudioVersion = 17.0.31903.59
MinimumVisualStudioVersion = 10.0.40219.1
Project("{2150E333-8FDC-42A3-9474-1A3956D46DE8}") = "src", "src", "{A1B2C3D4-E5F6-789A-BCDE-F0123456789A}"
EndProject
Project("{2150E333-8FDC-42A3-9474-1A3956D46DE8}") = "tests", "tests", "{B2C3D4E5-F6A7-890B-CDEF-123456789ABC}"
EndProject
Project("{2150E333-8FDC-42A3-9474-1A3956D46DE8}") = "docs", "docs", "{C3D4E5F6-A789-01BC-DEF1-23456789ABCD}"
EndProject
Project("{2150E333-8FDC-42A3-9474-1A3956D46DE8}") = "samples", "samples", "{D4E5F6A7-8901-2BCD-EF12-3456789ABCDE}"
EndProject
Project("{2150E333-8FDC-42A3-9474-1A3956D46DE8}") = "benchmarks", "benchmarks", "{E5F6A789-0123-4CDE-F123-456789ABCDEF}"
EndProject
Project("{9A19103F-16F7-4668-BE54-9A1E7A4F7556}") = "IndQuestResults", "src\IndQuestResults\IndQuestResults.csproj", "{F6A78901-2345-6DEF-1234-56789ABCDEF0}"
EndProject
Project("{9A19103F-16F7-4668-BE54-9A1E7A4F7556}") = "IndQuestResults.Tests.Unit", "tests\IndQuestResults.Tests.Unit\IndQuestResults.Tests.Unit.csproj", "{A7890123-4567-8901-2345-6789ABCDEF01}"
EndProject
Project("{9A19103F-16F7-4668-BE54-9A1E7A4F7556}") = "IndQuestResults.Tests.Performance", "tests\IndQuestResults.Tests.Performance\IndQuestResults.Tests.Performance.csproj", "{89012345-6789-0123-4567-89ABCDEF0123}"
EndProject
Project("{9A19103F-16F7-4668-BE54-9A1E7A4F7556}") = "IndQuestResults.Tests.Mutation", "tests\IndQuestResults.Tests.Mutation\IndQuestResults.Tests.Mutation.csproj", "{90123456-789A-1234-5678-9ABCDEF01234}"
EndProject
Project("{9A19103F-16F7-4668-BE54-9A1E7A4F7556}") = "IndQuestResults.Samples.Basic", "samples\IndQuestResults.Samples.Basic\IndQuestResults.Samples.Basic.csproj", "{01234567-89AB-2345-6789-ABCDEF012345}"
EndProject
Project("{9A19103F-16F7-4668-BE54-9A1E7A4F7556}") = "IndQuestResults.Samples.Advanced", "samples\IndQuestResults.Samples.Advanced\IndQuestResults.Samples.Advanced.csproj", "{12345678-9ABC-3456-789A-BCDEF0123456}"
EndProject
Project("{9A19103F-16F7-4668-BE54-9A1E7A4F7556}") = "IndQuestResults.Benchmarks", "benchmarks\IndQuestResults.Benchmarks\IndQuestResults.Benchmarks.csproj", "{23456789-ABCD-4567-89AB-CDEF01234567}"
EndProject
Project("{2150E333-8FDC-42A3-9474-1A3956D46DE8}") = "Solution Items", "Solution Items", "{8EC462FD-D22E-90A8-E5CE-7E832BA40C5D}"
	ProjectSection(SolutionItems) = preProject
		Directory.Build.props = Directory.Build.props
		Directory.Packages.props = Directory.Packages.props
	EndProjectSection
EndProject
Global
	GlobalSection(SolutionConfigurationPlatforms) = preSolution
		Debug|Any CPU = Debug|Any CPU
		Release|Any CPU = Release|Any CPU
	EndGlobalSection
	GlobalSection(ProjectConfigurationPlatforms) = postSolution
		{F6A78901-2345-6DEF-1234-56789ABCDEF0}.Debug|Any CPU.ActiveCfg = Debug|Any CPU
		{F6A78901-2345-6DEF-1234-56789ABCDEF0}.Debug|Any CPU.Build.0 = Debug|Any CPU
		{F6A78901-2345-6DEF-1234-56789ABCDEF0}.Release|Any CPU.ActiveCfg = Release|Any CPU
		{F6A78901-2345-6DEF-1234-56789ABCDEF0}.Release|Any CPU.Build.0 = Release|Any CPU
		{A7890123-4567-8901-2345-6789ABCDEF01}.Debug|Any CPU.ActiveCfg = Debug|Any CPU
		{A7890123-4567-8901-2345-6789ABCDEF01}.Debug|Any CPU.Build.0 = Debug|Any CPU
		{A7890123-4567-8901-2345-6789ABCDEF01}.Release|Any CPU.ActiveCfg = Release|Any CPU
		{A7890123-4567-8901-2345-6789ABCDEF01}.Release|Any CPU.Build.0 = Release|Any CPU
		{89012345-6789-0123-4567-89ABCDEF0123}.Debug|Any CPU.ActiveCfg = Debug|Any CPU
		{89012345-6789-0123-4567-89ABCDEF0123}.Release|Any CPU.ActiveCfg = Release|Any CPU
		{90123456-789A-1234-5678-9ABCDEF01234}.Debug|Any CPU.ActiveCfg = Debug|Any CPU
		{90123456-789A-1234-5678-9ABCDEF01234}.Release|Any CPU.ActiveCfg = Release|Any CPU
		{01234567-89AB-2345-6789-ABCDEF012345}.Debug|Any CPU.ActiveCfg = Debug|Any CPU
		{01234567-89AB-2345-6789-ABCDEF012345}.Release|Any CPU.ActiveCfg = Release|Any CPU
		{12345678-9ABC-3456-789A-BCDEF0123456}.Debug|Any CPU.ActiveCfg = Debug|Any CPU
		{12345678-9ABC-3456-789A-BCDEF0123456}.Release|Any CPU.ActiveCfg = Release|Any CPU
		{23456789-ABCD-4567-89AB-CDEF01234567}.Debug|Any CPU.ActiveCfg = Debug|Any CPU
		{23456789-ABCD-4567-89AB-CDEF01234567}.Release|Any CPU.ActiveCfg = Release|Any CPU
	EndGlobalSection
	GlobalSection(SolutionProperties) = preSolution
		HideSolutionNode = FALSE
	EndGlobalSection
	GlobalSection(NestedProjects) = preSolution
		{F6A78901-2345-6DEF-1234-56789ABCDEF0} = {A1B2C3D4-E5F6-789A-BCDE-F0123456789A}
		{A7890123-4567-8901-2345-6789ABCDEF01} = {B2C3D4E5-F6A7-890B-CDEF-123456789ABC}
		{89012345-6789-0123-4567-89ABCDEF0123} = {B2C3D4E5-F6A7-890B-CDEF-123456789ABC}
		{90123456-789A-1234-5678-9ABCDEF01234} = {B2C3D4E5-F6A7-890B-CDEF-123456789ABC}
		{01234567-89AB-2345-6789-ABCDEF012345} = {D4E5F6A7-8901-2BCD-EF12-3456789ABCDE}
		{12345678-9ABC-3456-789A-BCDEF0123456} = {D4E5F6A7-8901-2BCD-EF12-3456789ABCDE}
		{23456789-ABCD-4567-89AB-CDEF01234567} = {E5F6A789-0123-4CDE-F123-456789ABCDEF}
	EndGlobalSection
	GlobalSection(ExtensibilityGlobals) = postSolution
		SolutionGuid = {12345678-ABCD-EF01-2345-6789ABCDEF00}
	EndGlobalSection
EndGlobal