
Microsoft Visual Studio Solution File, Format Version 12.00
# Visual Studio Version 18
VisualStudioVersion = 18.0.11012.119
MinimumVisualStudioVersion = 10.0.40219.1
Project("{2150E333-8FDC-42A3-9474-1A3956D46DE8}") = "benchmarks", "benchmarks", "{66320409-64EC-F7C5-3DEF-65E7510DAAD1}"
EndProject
Project("{FAE04EC0-301F-11D3-BF4B-00C04F79EFBC}") = "IndQuestResults.Benchmarks", "benchmarks\IndQuestResults.Benchmarks\IndQuestResults.Benchmarks.csproj", "{076CE216-D9DF-4D3A-947E-D06945679EF4}"
EndProject
Project("{2150E333-8FDC-42A3-9474-1A3956D46DE8}") = "samples", "samples", "{5D20AA90-6969-D8BD-9DCD-8634F4692FDA}"
EndProject
Project("{FAE04EC0-301F-11D3-BF4B-00C04F79EFBC}") = "IndQuestResults.Samples.Advanced", "samples\IndQuestResults.Samples.Advanced\IndQuestResults.Samples.Advanced.csproj", "{1C1B6BB1-BB11-40EC-A3C8-8D1D0499B44C}"
EndProject
Project("{FAE04EC0-301F-11D3-BF4B-00C04F79EFBC}") = "IndQuestResults.Samples.Basic", "samples\IndQuestResults.Samples.Basic\IndQuestResults.Samples.Basic.csproj", "{259AE780-A9B1-4495-900F-1AD77423D1F1}"
EndProject
Project("{2150E333-8FDC-42A3-9474-1A3956D46DE8}") = "src", "src", "{827E0CD3-B72D-47B6-A68D-7590B98EB39B}"
EndProject
Project("{FAE04EC0-301F-11D3-BF4B-00C04F79EFBC}") = "IndQuestResults", "src\IndQuestResults\IndQuestResults.csproj", "{C18AA134-B876-48A5-8A75-177CFA13B679}"
EndProject
Project("{FAE04EC0-301F-11D3-BF4B-00C04F79EFBC}") = "IndQuestResults.Analyzers", "src\IndQuestResults.Analyzers\IndQuestResults.Analyzers.csproj", "{A5C5B4D2-1234-5678-9ABC-DEF012345678}"
EndProject
Project("{2150E333-8FDC-42A3-9474-1A3956D46DE8}") = "tests", "tests", "{0AB3BF05-4346-4AA6-1389-037BE0695223}"
EndProject
Project("{FAE04EC0-301F-11D3-BF4B-00C04F79EFBC}") = "IndQuestResults.Tests.Performance", "tests\IndQuestResults.Tests.Performance\IndQuestResults.Tests.Performance.csproj", "{EC52D018-CA0C-4F8C-9648-1F64B6FFE355}"
EndProject
Project("{FAE04EC0-301F-11D3-BF4B-00C04F79EFBC}") = "IndQuestResults.Tests.Unit", "tests\IndQuestResults.Tests.Unit\IndQuestResults.Tests.Unit.csproj", "{568EB912-DC87-40F7-A096-FA416B1960F5}"
EndProject
Project("{FAE04EC0-301F-11D3-BF4B-00C04F79EFBC}") = "IndQuestResults.Analyzers.Tests", "tests\IndQuestResults.Analyzers.Tests\IndQuestResults.Analyzers.Tests.csproj", "{B7F8A1D2-5E6F-4A9B-8C3D-E1F2A3B4C5D6}"
EndProject
Project("{2150E333-8FDC-42A3-9474-1A3956D46DE8}") = "Solution Items", "Solution Items", "{8EC462FD-D22E-90A8-E5CE-7E832BA40C5D}"
	ProjectSection(SolutionItems) = preProject
		Common.props = Common.props
		Directory.Build.props = Directory.Build.props
		Directory.Packages.props = Directory.Packages.props
	EndProjectSection
EndProject
Global
	GlobalSection(SolutionConfigurationPlatforms) = preSolution
		Debug|Any CPU = Debug|Any CPU
		Debug|x64 = Debug|x64
		Debug|x86 = Debug|x86
		Release|Any CPU = Release|Any CPU
		Release|x64 = Release|x64
		Release|x86 = Release|x86
	EndGlobalSection
	GlobalSection(ProjectConfigurationPlatforms) = postSolution
		{076CE216-D9DF-4D3A-947E-D06945679EF4}.Debug|Any CPU.ActiveCfg = Debug|Any CPU
		{076CE216-D9DF-4D3A-947E-D06945679EF4}.Debug|Any CPU.Build.0 = Debug|Any CPU
		{076CE216-D9DF-4D3A-947E-D06945679EF4}.Debug|x64.ActiveCfg = Debug|Any CPU
		{076CE216-D9DF-4D3A-947E-D06945679EF4}.Debug|x64.Build.0 = Debug|Any CPU
		{076CE216-D9DF-4D3A-947E-D06945679EF4}.Debug|x86.ActiveCfg = Debug|Any CPU
		{076CE216-D9DF-4D3A-947E-D06945679EF4}.Debug|x86.Build.0 = Debug|Any CPU
		{076CE216-D9DF-4D3A-947E-D06945679EF4}.Release|Any CPU.ActiveCfg = Release|Any CPU
		{076CE216-D9DF-4D3A-947E-D06945679EF4}.Release|Any CPU.Build.0 = Release|Any CPU
		{076CE216-D9DF-4D3A-947E-D06945679EF4}.Release|x64.ActiveCfg = Release|Any CPU
		{076CE216-D9DF-4D3A-947E-D06945679EF4}.Release|x64.Build.0 = Release|Any CPU
		{076CE216-D9DF-4D3A-947E-D06945679EF4}.Release|x86.ActiveCfg = Release|Any CPU
		{076CE216-D9DF-4D3A-947E-D06945679EF4}.Release|x86.Build.0 = Release|Any CPU
		{1C1B6BB1-BB11-40EC-A3C8-8D1D0499B44C}.Debug|Any CPU.ActiveCfg = Debug|Any CPU
		{1C1B6BB1-BB11-40EC-A3C8-8D1D0499B44C}.Debug|Any CPU.Build.0 = Debug|Any CPU
		{1C1B6BB1-BB11-40EC-A3C8-8D1D0499B44C}.Debug|x64.ActiveCfg = Debug|Any CPU
		{1C1B6BB1-BB11-40EC-A3C8-8D1D0499B44C}.Debug|x64.Build.0 = Debug|Any CPU
		{1C1B6BB1-BB11-40EC-A3C8-8D1D0499B44C}.Debug|x86.ActiveCfg = Debug|Any CPU
		{1C1B6BB1-BB11-40EC-A3C8-8D1D0499B44C}.Debug|x86.Build.0 = Debug|Any CPU
		{1C1B6BB1-BB11-40EC-A3C8-8D1D0499B44C}.Release|Any CPU.ActiveCfg = Release|Any CPU
		{1C1B6BB1-BB11-40EC-A3C8-8D1D0499B44C}.Release|Any CPU.Build.0 = Release|Any CPU
		{1C1B6BB1-BB11-40EC-A3C8-8D1D0499B44C}.Release|x64.ActiveCfg = Release|Any CPU
		{1C1B6BB1-BB11-40EC-A3C8-8D1D0499B44C}.Release|x64.Build.0 = Release|Any CPU
		{1C1B6BB1-BB11-40EC-A3C8-8D1D0499B44C}.Release|x86.ActiveCfg = Release|Any CPU
		{1C1B6BB1-BB11-40EC-A3C8-8D1D0499B44C}.Release|x86.Build.0 = Release|Any CPU
		{259AE780-A9B1-4495-900F-1AD77423D1F1}.Debug|Any CPU.ActiveCfg = Debug|Any CPU
		{259AE780-A9B1-4495-900F-1AD77423D1F1}.Debug|Any CPU.Build.0 = Debug|Any CPU
		{259AE780-A9B1-4495-900F-1AD77423D1F1}.Debug|x64.ActiveCfg = Debug|Any CPU
		{259AE780-A9B1-4495-900F-1AD77423D1F1}.Debug|x64.Build.0 = Debug|Any CPU
		{259AE780-A9B1-4495-900F-1AD77423D1F1}.Debug|x86.ActiveCfg = Debug|Any CPU
		{259AE780-A9B1-4495-900F-1AD77423D1F1}.Debug|x86.Build.0 = Debug|Any CPU
		{259AE780-A9B1-4495-900F-1AD77423D1F1}.Release|Any CPU.ActiveCfg = Release|Any CPU
		{259AE780-A9B1-4495-900F-1AD77423D1F1}.Release|Any CPU.Build.0 = Release|Any CPU
		{259AE780-A9B1-4495-900F-1AD77423D1F1}.Release|x64.ActiveCfg = Release|Any CPU
		{259AE780-A9B1-4495-900F-1AD77423D1F1}.Release|x64.Build.0 = Release|Any CPU
		{259AE780-A9B1-4495-900F-1AD77423D1F1}.Release|x86.ActiveCfg = Release|Any CPU
		{259AE780-A9B1-4495-900F-1AD77423D1F1}.Release|x86.Build.0 = Release|Any CPU
		{C18AA134-B876-48A5-8A75-177CFA13B679}.Debug|Any CPU.ActiveCfg = Debug|Any CPU
		{C18AA134-B876-48A5-8A75-177CFA13B679}.Debug|Any CPU.Build.0 = Debug|Any CPU
		{C18AA134-B876-48A5-8A75-177CFA13B679}.Debug|x64.ActiveCfg = Debug|Any CPU
		{C18AA134-B876-48A5-8A75-177CFA13B679}.Debug|x64.Build.0 = Debug|Any CPU
		{C18AA134-B876-48A5-8A75-177CFA13B679}.Debug|x86.ActiveCfg = Debug|Any CPU
		{C18AA134-B876-48A5-8A75-177CFA13B679}.Debug|x86.Build.0 = Debug|Any CPU
		{C18AA134-B876-48A5-8A75-177CFA13B679}.Release|Any CPU.ActiveCfg = Release|Any CPU
		{C18AA134-B876-48A5-8A75-177CFA13B679}.Release|Any CPU.Build.0 = Release|Any CPU
		{C18AA134-B876-48A5-8A75-177CFA13B679}.Release|x64.ActiveCfg = Release|Any CPU
		{C18AA134-B876-48A5-8A75-177CFA13B679}.Release|x64.Build.0 = Release|Any CPU
		{C18AA134-B876-48A5-8A75-177CFA13B679}.Release|x86.ActiveCfg = Release|Any CPU
		{C18AA134-B876-48A5-8A75-177CFA13B679}.Release|x86.Build.0 = Release|Any CPU
		{A5C5B4D2-1234-5678-9ABC-DEF012345678}.Debug|Any CPU.ActiveCfg = Debug|Any CPU
		{A5C5B4D2-1234-5678-9ABC-DEF012345678}.Debug|Any CPU.Build.0 = Debug|Any CPU
		{A5C5B4D2-1234-5678-9ABC-DEF012345678}.Debug|x64.ActiveCfg = Debug|Any CPU
		{A5C5B4D2-1234-5678-9ABC-DEF012345678}.Debug|x64.Build.0 = Debug|Any CPU
		{A5C5B4D2-1234-5678-9ABC-DEF012345678}.Debug|x86.ActiveCfg = Debug|Any CPU
		{A5C5B4D2-1234-5678-9ABC-DEF012345678}.Debug|x86.Build.0 = Debug|Any CPU
		{A5C5B4D2-1234-5678-9ABC-DEF012345678}.Release|Any CPU.ActiveCfg = Release|Any CPU
		{A5C5B4D2-1234-5678-9ABC-DEF012345678}.Release|Any CPU.Build.0 = Release|Any CPU
		{A5C5B4D2-1234-5678-9ABC-DEF012345678}.Release|x64.ActiveCfg = Release|Any CPU
		{A5C5B4D2-1234-5678-9ABC-DEF012345678}.Release|x64.Build.0 = Release|Any CPU
		{A5C5B4D2-1234-5678-9ABC-DEF012345678}.Release|x86.ActiveCfg = Release|Any CPU
		{A5C5B4D2-1234-5678-9ABC-DEF012345678}.Release|x86.Build.0 = Release|Any CPU
		{EC52D018-CA0C-4F8C-9648-1F64B6FFE355}.Debug|Any CPU.ActiveCfg = Debug|Any CPU
		{EC52D018-CA0C-4F8C-9648-1F64B6FFE355}.Debug|Any CPU.Build.0 = Debug|Any CPU
		{EC52D018-CA0C-4F8C-9648-1F64B6FFE355}.Debug|x64.ActiveCfg = Debug|Any CPU
		{EC52D018-CA0C-4F8C-9648-1F64B6FFE355}.Debug|x64.Build.0 = Debug|Any CPU
		{EC52D018-CA0C-4F8C-9648-1F64B6FFE355}.Debug|x86.ActiveCfg = Debug|Any CPU
		{EC52D018-CA0C-4F8C-9648-1F64B6FFE355}.Debug|x86.Build.0 = Debug|Any CPU
		{EC52D018-CA0C-4F8C-9648-1F64B6FFE355}.Release|Any CPU.ActiveCfg = Release|Any CPU
		{EC52D018-CA0C-4F8C-9648-1F64B6FFE355}.Release|Any CPU.Build.0 = Release|Any CPU
		{EC52D018-CA0C-4F8C-9648-1F64B6FFE355}.Release|x64.ActiveCfg = Release|Any CPU
		{EC52D018-CA0C-4F8C-9648-1F64B6FFE355}.Release|x64.Build.0 = Release|Any CPU
		{EC52D018-CA0C-4F8C-9648-1F64B6FFE355}.Release|x86.ActiveCfg = Release|Any CPU
		{EC52D018-CA0C-4F8C-9648-1F64B6FFE355}.Release|x86.Build.0 = Release|Any CPU
		{568EB912-DC87-40F7-A096-FA416B1960F5}.Debug|Any CPU.ActiveCfg = Debug|Any CPU
		{568EB912-DC87-40F7-A096-FA416B1960F5}.Debug|Any CPU.Build.0 = Debug|Any CPU
		{568EB912-DC87-40F7-A096-FA416B1960F5}.Debug|x64.ActiveCfg = Debug|Any CPU
		{568EB912-DC87-40F7-A096-FA416B1960F5}.Debug|x64.Build.0 = Debug|Any CPU
		{568EB912-DC87-40F7-A096-FA416B1960F5}.Debug|x86.ActiveCfg = Debug|Any CPU
		{568EB912-DC87-40F7-A096-FA416B1960F5}.Debug|x86.Build.0 = Debug|Any CPU
		{568EB912-DC87-40F7-A096-FA416B1960F5}.Release|Any CPU.ActiveCfg = Release|Any CPU
		{568EB912-DC87-40F7-A096-FA416B1960F5}.Release|Any CPU.Build.0 = Release|Any CPU
		{568EB912-DC87-40F7-A096-FA416B1960F5}.Release|x64.ActiveCfg = Release|Any CPU
		{568EB912-DC87-40F7-A096-FA416B1960F5}.Release|x64.Build.0 = Release|Any CPU
		{568EB912-DC87-40F7-A096-FA416B1960F5}.Release|x86.ActiveCfg = Release|Any CPU
		{568EB912-DC87-40F7-A096-FA416B1960F5}.Release|x86.Build.0 = Release|Any CPU
		{B7F8A1D2-5E6F-4A9B-8C3D-E1F2A3B4C5D6}.Debug|Any CPU.ActiveCfg = Debug|Any CPU
		{B7F8A1D2-5E6F-4A9B-8C3D-E1F2A3B4C5D6}.Debug|Any CPU.Build.0 = Debug|Any CPU
		{B7F8A1D2-5E6F-4A9B-8C3D-E1F2A3B4C5D6}.Debug|x64.ActiveCfg = Debug|Any CPU
		{B7F8A1D2-5E6F-4A9B-8C3D-E1F2A3B4C5D6}.Debug|x64.Build.0 = Debug|Any CPU
		{B7F8A1D2-5E6F-4A9B-8C3D-E1F2A3B4C5D6}.Debug|x86.ActiveCfg = Debug|Any CPU
		{B7F8A1D2-5E6F-4A9B-8C3D-E1F2A3B4C5D6}.Debug|x86.Build.0 = Debug|Any CPU
		{B7F8A1D2-5E6F-4A9B-8C3D-E1F2A3B4C5D6}.Release|Any CPU.ActiveCfg = Release|Any CPU
		{B7F8A1D2-5E6F-4A9B-8C3D-E1F2A3B4C5D6}.Release|Any CPU.Build.0 = Release|Any CPU
		{B7F8A1D2-5E6F-4A9B-8C3D-E1F2A3B4C5D6}.Release|x64.ActiveCfg = Release|Any CPU
		{B7F8A1D2-5E6F-4A9B-8C3D-E1F2A3B4C5D6}.Release|x64.Build.0 = Release|Any CPU
		{B7F8A1D2-5E6F-4A9B-8C3D-E1F2A3B4C5D6}.Release|x86.ActiveCfg = Release|Any CPU
		{B7F8A1D2-5E6F-4A9B-8C3D-E1F2A3B4C5D6}.Release|x86.Build.0 = Release|Any CPU
	EndGlobalSection
	GlobalSection(SolutionProperties) = preSolution
		HideSolutionNode = FALSE
	EndGlobalSection
	GlobalSection(NestedProjects) = preSolution
		{076CE216-D9DF-4D3A-947E-D06945679EF4} = {66320409-64EC-F7C5-3DEF-65E7510DAAD1}
		{1C1B6BB1-BB11-40EC-A3C8-8D1D0499B44C} = {5D20AA90-6969-D8BD-9DCD-8634F4692FDA}
		{259AE780-A9B1-4495-900F-1AD77423D1F1} = {5D20AA90-6969-D8BD-9DCD-8634F4692FDA}
		{C18AA134-B876-48A5-8A75-177CFA13B679} = {827E0CD3-B72D-47B6-A68D-7590B98EB39B}
		{A5C5B4D2-1234-5678-9ABC-DEF012345678} = {827E0CD3-B72D-47B6-A68D-7590B98EB39B}
		{EC52D018-CA0C-4F8C-9648-1F64B6FFE355} = {0AB3BF05-4346-4AA6-1389-037BE0695223}
		{568EB912-DC87-40F7-A096-FA416B1960F5} = {0AB3BF05-4346-4AA6-1389-037BE0695223}
		{B7F8A1D2-5E6F-4A9B-8C3D-E1F2A3B4C5D6} = {0AB3BF05-4346-4AA6-1389-037BE0695223}
	EndGlobalSection
	GlobalSection(ExtensibilityGlobals) = postSolution
		SolutionGuid = {130857D3-B2DE-44D8-BC5E-F35F1DD86B79}
	EndGlobalSection
EndGlobal
